
Microsoft Visual Studio Solution File, Format Version 12.00
# Visual Studio 15
VisualStudioVersion = 15.0.27004.2010
MinimumVisualStudioVersion = 10.0.40219.1
Project("{FAE04EC0-301F-11D3-BF4B-00C04F79EFBC}") = "JenkinService", "JenkinTest\JenkinService.csproj", "{A59E7B8E-66C5-4214-BF46-FFB3D7EF5299}"
EndProject
Project("{FAE04EC0-301F-11D3-BF4B-00C04F79EFBC}") = "Jenkin.Test", "Jenkin.Test\Jenkin.Test.csproj", "{046F22DD-9AB0-4A9E-82EA-DE645D542DBC}"
EndProject
Global
	GlobalSection(SolutionConfigurationPlatforms) = preSolution
		Debug|Any CPU = Debug|Any CPU
		Release|Any CPU = Release|Any CPU
	EndGlobalSection
	GlobalSection(ProjectConfigurationPlatforms) = postSolution
		{A59E7B8E-66C5-4214-BF46-FFB3D7EF5299}.Debug|Any CPU.ActiveCfg = Debug|Any CPU
		{A59E7B8E-66C5-4214-BF46-FFB3D7EF5299}.Debug|Any CPU.Build.0 = Debug|Any CPU
		{A59E7B8E-66C5-4214-BF46-FFB3D7EF5299}.Release|Any CPU.ActiveCfg = Release|Any CPU
		{A59E7B8E-66C5-4214-BF46-FFB3D7EF5299}.Release|Any CPU.Build.0 = Release|Any CPU
		{046F22DD-9AB0-4A9E-82EA-DE645D542DBC}.Debug|Any CPU.ActiveCfg = Debug|Any CPU
		{046F22DD-9AB0-4A9E-82EA-DE645D542DBC}.Debug|Any CPU.Build.0 = Debug|Any CPU
		{046F22DD-9AB0-4A9E-82EA-DE645D542DBC}.Release|Any CPU.ActiveCfg = Release|Any CPU
		{046F22DD-9AB0-4A9E-82EA-DE645D542DBC}.Release|Any CPU.Build.0 = Release|Any CPU
	EndGlobalSection
	GlobalSection(SolutionProperties) = preSolution
		HideSolutionNode = FALSE
	EndGlobalSection
	GlobalSection(ExtensibilityGlobals) = postSolution
		SolutionGuid = {3932A917-F80E-48B9-8C6F-34035850890B}
	EndGlobalSection
EndGlobal
